{
  "nodes": {
    "moxctl": {
      "inputs": {
        "tooling": "tooling"
      },
      "locked": {
        "lastModified": 1758048026,
        "narHash": "sha256-MoPdgAtVHw7ouvu6Ojfb2GlYw0waWmHC2op1oy/KQKs=",
        "owner": "mox-desktop",
        "repo": "moxctl",
        "rev": "f377f670031b6074d469396779b7ff3f6243d391",
        "type": "github"
      },
      "original": {
        "owner": "mox-desktop",
        "repo": "moxctl",
        "type": "github"
      }
    },
    "moxidle": {
      "inputs": {
        "tooling": "tooling_2"
      },
      "locked": {
        "lastModified": 1757887266,
        "narHash": "sha256-nP11hzKA8oxR1jMBFYcQEIcmX9Dv65F4FDp5mSa71Z8=",
        "owner": "mox-desktop",
        "repo": "moxidle",
        "rev": "eb43d50312a5dee7544cd8b76b7dc4aac9985669",
        "type": "github"
      },
      "original": {
        "owner": "mox-desktop",
        "repo": "moxidle",
        "type": "github"
      }
    },
    "moxnotify": {
      "inputs": {
        "tooling": "tooling_3"
      },
      "locked": {
        "lastModified": 1757914195,
        "narHash": "sha256-zTyzAdFh/RIB+RhB+kLLVB2TguP29/kW4Fr+159gdYw=",
        "owner": "mox-desktop",
        "repo": "moxnotify",
        "rev": "d09cd282293a0988ff488f5a3cb651e2aa1a4eac",
        "type": "github"
      },
      "original": {
        "owner": "mox-desktop",
        "repo": "moxnotify",
        "type": "github"
      }
    },
    "moxpaper": {
      "inputs": {
        "tooling": "tooling_4"
      },
      "locked": {
        "lastModified": 1757887195,
        "narHash": "sha256-uAEf3ousgn9F6pACMlynk5lv1ntpYSePhZNqa0XMjM4=",
        "owner": "mox-desktop",
        "repo": "moxpaper",
        "rev": "1a5942c38c007dbb348fdf564d800e04fc7462e8",
        "type": "github"
      },
      "original": {
        "owner": "mox-desktop",
        "repo": "moxpaper",
        "type": "github"
      }
    },
    "nixpkgs": {
      "locked": {
        "lastModified": 1757745802,
        "narHash": "sha256-hLEO2TPj55KcUFUU1vgtHE9UEIOjRcH/4QbmfHNF820=",
        "owner": "NixOS",
        "repo": "nixpkgs",
        "rev": "c23193b943c6c689d70ee98ce3128239ed9e32d1",
        "type": "github"
      },
      "original": {
        "owner": "NixOS",
        "ref": "nixos-unstable",
        "repo": "nixpkgs",
        "type": "github"
      }
    },
    "nixpkgs_2": {
      "locked": {
        "lastModified": 1757810152,
        "narHash": "sha256-Vp9K5ol6h0J90jG7Rm4RWZsCB3x7v5VPx588TQ1dkfs=",
        "owner": "NixOS",
        "repo": "nixpkgs",
        "rev": "9a094440e02a699be5c57453a092a8baf569bdad",
        "type": "github"
      },
      "original": {
        "owner": "NixOS",
        "ref": "nixos-25.05",
        "repo": "nixpkgs",
        "type": "github"
      }
    },
    "nixpkgs_3": {
      "locked": {
        "lastModified": 1757810152,
        "narHash": "sha256-Vp9K5ol6h0J90jG7Rm4RWZsCB3x7v5VPx588TQ1dkfs=",
        "owner": "NixOS",
        "repo": "nixpkgs",
        "rev": "9a094440e02a699be5c57453a092a8baf569bdad",
        "type": "github"
      },
      "original": {
        "owner": "NixOS",
        "ref": "nixos-25.05",
        "repo": "nixpkgs",
        "type": "github"
      }
    },
    "nixpkgs_4": {
      "locked": {
        "lastModified": 1757810152,
        "narHash": "sha256-Vp9K5ol6h0J90jG7Rm4RWZsCB3x7v5VPx588TQ1dkfs=",
        "owner": "NixOS",
        "repo": "nixpkgs",
        "rev": "9a094440e02a699be5c57453a092a8baf569bdad",
        "type": "github"
      },
      "original": {
        "owner": "NixOS",
        "ref": "nixos-25.05",
        "repo": "nixpkgs",
        "type": "github"
      }
    },
    "root": {
      "inputs": {
        "moxctl": "moxctl",
        "moxidle": "moxidle",
        "moxnotify": "moxnotify",
        "moxpaper": "moxpaper"
      }
    },
    "rust-overlay": {
      "inputs": {
        "nixpkgs": [
          "moxctl",
          "tooling",
          "nixpkgs"
        ]
      },
      "locked": {
        "lastModified": 1757989933,
        "narHash": "sha256-9cpKYWWPCFhgwQTww8S94rTXgg8Q8ydFv9fXM6I8xQM=",
        "owner": "oxalica",
        "repo": "rust-overlay",
        "rev": "8249aa3442fb9b45e615a35f39eca2fe5510d7c3",
        "type": "github"
      },
      "original": {
        "owner": "oxalica",
        "repo": "rust-overlay",
        "type": "github"
      }
    },
    "rust-overlay_2": {
      "inputs": {
        "nixpkgs": [
          "moxidle",
          "tooling",
          "nixpkgs"
        ]
      },
      "locked": {
        "lastModified": 1757817311,
        "narHash": "sha256-ssgd1UHgbYBIWYdHNpiQEahGl2Cpd4Nj54fz9qEV1v0=",
        "owner": "oxalica",
        "repo": "rust-overlay",
        "rev": "7005365b81bcc335f2b744aa30446f4e575e8dc2",
        "type": "github"
      },
      "original": {
        "owner": "oxalica",
        "repo": "rust-overlay",
        "type": "github"
      }
    },
    "rust-overlay_3": {
      "inputs": {
        "nixpkgs": [
          "moxnotify",
          "tooling",
          "nixpkgs"
        ]
      },
      "locked": {
        "lastModified": 1757817311,
        "narHash": "sha256-ssgd1UHgbYBIWYdHNpiQEahGl2Cpd4Nj54fz9qEV1v0=",
        "owner": "oxalica",
        "repo": "rust-overlay",
        "rev": "7005365b81bcc335f2b744aa30446f4e575e8dc2",
        "type": "github"
      },
      "original": {
        "owner": "oxalica",
        "repo": "rust-overlay",
        "type": "github"
      }
    },
    "rust-overlay_4": {
      "inputs": {
        "nixpkgs": [
          "moxpaper",
          "tooling",
          "nixpkgs"
        ]
      },
      "locked": {
        "lastModified": 1757817311,
        "narHash": "sha256-ssgd1UHgbYBIWYdHNpiQEahGl2Cpd4Nj54fz9qEV1v0=",
        "owner": "oxalica",
        "repo": "rust-overlay",
        "rev": "7005365b81bcc335f2b744aa30446f4e575e8dc2",
        "type": "github"
      },
      "original": {
        "owner": "oxalica",
        "repo": "rust-overlay",
        "type": "github"
      }
    },
    "tooling": {
      "inputs": {
        "nixpkgs": "nixpkgs",
        "rust-overlay": "rust-overlay"
      },
      "locked": {
        "lastModified": 1758035649,
        "narHash": "sha256-TOpLj9hgyzJdKme4nwo84lrfJFfsEfcJmkIssjcU5A0=",
        "owner": "mox-desktop",
        "repo": "tooling",
        "rev": "4765d68529372ade9a11be9d5c262acf76bb6594",
        "type": "github"
      },
      "original": {
        "owner": "mox-desktop",
        "repo": "tooling",
        "type": "github"
      }
    },
    "tooling_2": {
      "inputs": {
        "nixpkgs": "nixpkgs_2",
        "rust-overlay": "rust-overlay_2"
      },
      "locked": {
        "lastModified": 1757884217,
        "narHash": "sha256-UgoMkm002xuh43mniqWezobqiTe6fkrIrM005c5B2yk=",
        "owner": "mox-desktop",
        "repo": "tooling",
        "rev": "5d8cc08d4eaac72122517c171090aa9930ef9d40",
        "type": "github"
      },
      "original": {
        "owner": "mox-desktop",
        "repo": "tooling",
        "type": "github"
      }
    },
    "tooling_3": {
      "inputs": {
        "nixpkgs": "nixpkgs_3",
        "rust-overlay": "rust-overlay_3"
      },
      "locked": {
        "lastModified": 1757884217,
        "narHash": "sha256-UgoMkm002xuh43mniqWezobqiTe6fkrIrM005c5B2yk=",
        "owner": "mox-desktop",
        "repo": "tooling",
        "rev": "5d8cc08d4eaac72122517c171090aa9930ef9d40",
        "type": "github"
      },
      "original": {
        "owner": "mox-desktop",
        "repo": "tooling",
        "type": "github"
      }
    },
    "tooling_4": {
      "inputs": {
        "nixpkgs": "nixpkgs_4",
        "rust-overlay": "rust-overlay_4"
      },
      "locked": {
        "lastModified": 1757884217,
        "narHash": "sha256-UgoMkm002xuh43mniqWezobqiTe6fkrIrM005c5B2yk=",
        "owner": "mox-desktop",
        "repo": "tooling",
        "rev": "5d8cc08d4eaac72122517c171090aa9930ef9d40",
        "type": "github"
      },
      "original": {
        "owner": "mox-desktop",
        "repo": "tooling",
        "type": "github"
      }
    }
  },
  "root": "root",
  "version": 7
}
