{
  "nodes": {
    "moxctl": {
      "inputs": {
        "tooling": "tooling"
      },
      "locked": {
        "lastModified": 1762052977,
        "narHash": "sha256-yyljkJEtxS4AvRkDGk2gbEdXCPY3pMsJGghu1vQuy18=",
        "owner": "mox-desktop",
        "repo": "moxctl",
        "rev": "4d2208c7b91f59df741bd889923e21b49abd9a00",
        "type": "github"
      },
      "original": {
        "owner": "mox-desktop",
        "repo": "moxctl",
        "type": "github"
      }
    },
    "moxidle": {
      "inputs": {
        "tooling": "tooling_2"
      },
      "locked": {
        "lastModified": 1761946527,
        "narHash": "sha256-gpqrzaEWftKC11U8S4ZAkwxGlx4UOz72USBv/809e7o=",
        "owner": "mox-desktop",
        "repo": "moxidle",
        "rev": "96a6f41607de1dc6aa22551c2e9237f94b104aa8",
        "type": "github"
      },
      "original": {
        "owner": "mox-desktop",
        "repo": "moxidle",
        "type": "github"
      }
    },
    "moxnotify": {
      "inputs": {
        "tooling": "tooling_3"
      },
      "locked": {
        "lastModified": 1762052900,
        "narHash": "sha256-ObUJF+JrjCWyG6XzIe9BB7CqisSQa3ZRSweWSGkHR8U=",
        "owner": "mox-desktop",
        "repo": "moxnotify",
        "rev": "c7d6b58e91f28b335dac13973b3237fee74e7dcf",
        "type": "github"
      },
      "original": {
        "owner": "mox-desktop",
        "repo": "moxnotify",
        "type": "github"
      }
    },
    "moxpaper": {
      "inputs": {
        "tooling": "tooling_4"
      },
      "locked": {
        "lastModified": 1762053090,
        "narHash": "sha256-RWhg0pf4YhXjk2mZ5PYPaLzRVNCUNBEZ097Qf1HDo5I=",
        "owner": "mox-desktop",
        "repo": "moxpaper",
        "rev": "21c840812f3b1ff5b90d73c39e1e6ee7fb0813c9",
        "type": "github"
      },
      "original": {
        "owner": "mox-desktop",
        "repo": "moxpaper",
        "type": "github"
      }
    },
    "nixpkgs": {
      "locked": {
        "lastModified": 1761907660,
        "narHash": "sha256-kJ8lIZsiPOmbkJypG+B5sReDXSD1KGu2VEPNqhRa/ew=",
        "owner": "NixOS",
        "repo": "nixpkgs",
        "rev": "2fb006b87f04c4d3bdf08cfdbc7fab9c13d94a15",
        "type": "github"
      },
      "original": {
        "owner": "NixOS",
        "ref": "nixos-unstable",
        "repo": "nixpkgs",
        "type": "github"
      }
    },
    "nixpkgs_2": {
      "locked": {
        "lastModified": 1761114652,
        "narHash": "sha256-f/QCJM/YhrV/lavyCVz8iU3rlZun6d+dAiC3H+CDle4=",
        "owner": "NixOS",
        "repo": "nixpkgs",
        "rev": "01f116e4df6a15f4ccdffb1bcd41096869fb385c",
        "type": "github"
      },
      "original": {
        "owner": "NixOS",
        "ref": "nixos-unstable",
        "repo": "nixpkgs",
        "type": "github"
      }
    },
    "nixpkgs_3": {
      "locked": {
        "lastModified": 1761907660,
        "narHash": "sha256-kJ8lIZsiPOmbkJypG+B5sReDXSD1KGu2VEPNqhRa/ew=",
        "owner": "NixOS",
        "repo": "nixpkgs",
        "rev": "2fb006b87f04c4d3bdf08cfdbc7fab9c13d94a15",
        "type": "github"
      },
      "original": {
        "owner": "NixOS",
        "ref": "nixos-unstable",
        "repo": "nixpkgs",
        "type": "github"
      }
    },
    "nixpkgs_4": {
      "locked": {
        "lastModified": 1761907660,
        "narHash": "sha256-kJ8lIZsiPOmbkJypG+B5sReDXSD1KGu2VEPNqhRa/ew=",
        "owner": "NixOS",
        "repo": "nixpkgs",
        "rev": "2fb006b87f04c4d3bdf08cfdbc7fab9c13d94a15",
        "type": "github"
      },
      "original": {
        "owner": "NixOS",
        "ref": "nixos-unstable",
        "repo": "nixpkgs",
        "type": "github"
      }
    },
    "root": {
      "inputs": {
        "moxctl": "moxctl",
        "moxidle": "moxidle",
        "moxnotify": "moxnotify",
        "moxpaper": "moxpaper"
      }
    },
    "rust-overlay": {
      "inputs": {
        "nixpkgs": [
          "moxctl",
          "tooling",
          "nixpkgs"
        ]
      },
      "locked": {
        "lastModified": 1762051177,
        "narHash": "sha256-pESNTx/m3WnrYx+OujBtDP5Bj0/mAyHa4MgEwzkgkLE=",
        "owner": "oxalica",
        "repo": "rust-overlay",
        "rev": "08c33e87c4829bbdd42b5af247cf7a19e126369f",
        "type": "github"
      },
      "original": {
        "owner": "oxalica",
        "repo": "rust-overlay",
        "type": "github"
      }
    },
    "rust-overlay_2": {
      "inputs": {
        "nixpkgs": [
          "moxidle",
          "tooling",
          "nixpkgs"
        ]
      },
      "locked": {
        "lastModified": 1761446259,
        "narHash": "sha256-JNNOtIIVIX+yBIsh1rq1Nxhc1LZq168vuQB5sqrZbCY=",
        "owner": "oxalica",
        "repo": "rust-overlay",
        "rev": "95098bb4d55ebe167c082fc40705a73ef76b58e4",
        "type": "github"
      },
      "original": {
        "owner": "oxalica",
        "repo": "rust-overlay",
        "type": "github"
      }
    },
    "rust-overlay_3": {
      "inputs": {
        "nixpkgs": [
          "moxnotify",
          "tooling",
          "nixpkgs"
        ]
      },
      "locked": {
        "lastModified": 1762051177,
        "narHash": "sha256-pESNTx/m3WnrYx+OujBtDP5Bj0/mAyHa4MgEwzkgkLE=",
        "owner": "oxalica",
        "repo": "rust-overlay",
        "rev": "08c33e87c4829bbdd42b5af247cf7a19e126369f",
        "type": "github"
      },
      "original": {
        "owner": "oxalica",
        "repo": "rust-overlay",
        "type": "github"
      }
    },
    "rust-overlay_4": {
      "inputs": {
        "nixpkgs": [
          "moxpaper",
          "tooling",
          "nixpkgs"
        ]
      },
      "locked": {
        "lastModified": 1762051177,
        "narHash": "sha256-pESNTx/m3WnrYx+OujBtDP5Bj0/mAyHa4MgEwzkgkLE=",
        "owner": "oxalica",
        "repo": "rust-overlay",
        "rev": "08c33e87c4829bbdd42b5af247cf7a19e126369f",
        "type": "github"
      },
      "original": {
        "owner": "oxalica",
        "repo": "rust-overlay",
        "type": "github"
      }
    },
    "tooling": {
      "inputs": {
        "nixpkgs": "nixpkgs",
        "rust-overlay": "rust-overlay"
      },
      "locked": {
        "lastModified": 1758049156,
        "narHash": "sha256-1WwkfzlRgYs8YmDlflTqJvbKowZMtOW946dXdVCLgPM=",
        "owner": "mox-desktop",
        "repo": "tooling",
        "rev": "489521b7a1a38d76491c9b443e4af9beec7f0350",
        "type": "github"
      },
      "original": {
        "owner": "mox-desktop",
        "repo": "tooling",
        "type": "github"
      }
    },
    "tooling_2": {
      "inputs": {
        "nixpkgs": "nixpkgs_2",
        "rust-overlay": "rust-overlay_2"
      },
      "locked": {
        "lastModified": 1758049156,
        "narHash": "sha256-1WwkfzlRgYs8YmDlflTqJvbKowZMtOW946dXdVCLgPM=",
        "owner": "mox-desktop",
        "repo": "tooling",
        "rev": "489521b7a1a38d76491c9b443e4af9beec7f0350",
        "type": "github"
      },
      "original": {
        "owner": "mox-desktop",
        "repo": "tooling",
        "type": "github"
      }
    },
    "tooling_3": {
      "inputs": {
        "nixpkgs": "nixpkgs_3",
        "rust-overlay": "rust-overlay_3"
      },
      "locked": {
        "lastModified": 1758049156,
        "narHash": "sha256-1WwkfzlRgYs8YmDlflTqJvbKowZMtOW946dXdVCLgPM=",
        "owner": "mox-desktop",
        "repo": "tooling",
        "rev": "489521b7a1a38d76491c9b443e4af9beec7f0350",
        "type": "github"
      },
      "original": {
        "owner": "mox-desktop",
        "repo": "tooling",
        "type": "github"
      }
    },
    "tooling_4": {
      "inputs": {
        "nixpkgs": "nixpkgs_4",
        "rust-overlay": "rust-overlay_4"
      },
      "locked": {
        "lastModified": 1758049156,
        "narHash": "sha256-1WwkfzlRgYs8YmDlflTqJvbKowZMtOW946dXdVCLgPM=",
        "owner": "mox-desktop",
        "repo": "tooling",
        "rev": "489521b7a1a38d76491c9b443e4af9beec7f0350",
        "type": "github"
      },
      "original": {
        "owner": "mox-desktop",
        "repo": "tooling",
        "type": "github"
      }
    }
  },
  "root": "root",
  "version": 7
}
