{
  "nodes": {
    "moxctl": {
      "inputs": {
        "nixpkgs": "nixpkgs",
        "rust-overlay": "rust-overlay"
      },
      "locked": {
        "lastModified": 1757213882,
        "narHash": "sha256-hf7UU8nZZwzw+IV+DIK8FhfkrGOMZerSY1Q2Gemr/xE=",
        "owner": "mox-desktop",
        "repo": "moxctl",
        "rev": "af072f913f018bb580d61ef291604ef741358b5e",
        "type": "github"
      },
      "original": {
        "owner": "mox-desktop",
        "repo": "moxctl",
        "type": "github"
      }
    },
    "moxidle": {
      "inputs": {
        "nixpkgs": "nixpkgs_2",
        "rust-overlay": "rust-overlay_2"
      },
      "locked": {
        "lastModified": 1756842900,
        "narHash": "sha256-sXwjYL3cGQ6PpGefzQyf2KEyhZl1DLO0Afy2gAJMVD8=",
        "owner": "mox-desktop",
        "repo": "moxidle",
        "rev": "390cdfc17ff15b7b3c1150c7315c88399d1994f5",
        "type": "github"
      },
      "original": {
        "owner": "mox-desktop",
        "repo": "moxidle",
        "type": "github"
      }
    },
    "moxnotify": {
      "inputs": {
        "nixpkgs": "nixpkgs_3",
        "rust-overlay": "rust-overlay_3"
      },
      "locked": {
        "lastModified": 1757213821,
        "narHash": "sha256-oDu0mDMrqH7YEXSf80ND6Ra4A41IuDsWSnmfFnieF+I=",
        "owner": "mox-desktop",
        "repo": "moxnotify",
        "rev": "16dddd128776f44138d70992cd2b3913d8391e82",
        "type": "github"
      },
      "original": {
        "owner": "mox-desktop",
        "repo": "moxnotify",
        "type": "github"
      }
    },
    "moxpaper": {
      "inputs": {
        "nixpkgs": "nixpkgs_4",
        "rust-overlay": "rust-overlay_4"
      },
      "locked": {
        "lastModified": 1757213948,
        "narHash": "sha256-EWmTx+P2hfT+IOHOUrkSXrRcpmkgnVABClL3ayUQUuM=",
        "owner": "mox-desktop",
        "repo": "moxpaper",
        "rev": "729bc3387c5ce77cc09ee376806102f19ef4ced6",
        "type": "github"
      },
      "original": {
        "owner": "mox-desktop",
        "repo": "moxpaper",
        "type": "github"
      }
    },
    "nixpkgs": {
      "locked": {
        "lastModified": 1757068644,
        "narHash": "sha256-NOrUtIhTkIIumj1E/Rsv1J37Yi3xGStISEo8tZm3KW4=",
        "owner": "NixOS",
        "repo": "nixpkgs",
        "rev": "8eb28adfa3dc4de28e792e3bf49fcf9007ca8ac9",
        "type": "github"
      },
      "original": {
        "owner": "NixOS",
        "ref": "nixos-unstable",
        "repo": "nixpkgs",
        "type": "github"
      }
    },
    "nixpkgs_2": {
      "locked": {
        "lastModified": 1756542300,
        "narHash": "sha256-tlOn88coG5fzdyqz6R93SQL5Gpq+m/DsWpekNFhqPQk=",
        "owner": "NixOS",
        "repo": "nixpkgs",
        "rev": "d7600c775f877cd87b4f5a831c28aa94137377aa",
        "type": "github"
      },
      "original": {
        "owner": "NixOS",
        "ref": "nixos-unstable",
        "repo": "nixpkgs",
        "type": "github"
      }
    },
    "nixpkgs_3": {
      "locked": {
        "lastModified": 1757068644,
        "narHash": "sha256-NOrUtIhTkIIumj1E/Rsv1J37Yi3xGStISEo8tZm3KW4=",
        "owner": "NixOS",
        "repo": "nixpkgs",
        "rev": "8eb28adfa3dc4de28e792e3bf49fcf9007ca8ac9",
        "type": "github"
      },
      "original": {
        "owner": "NixOS",
        "ref": "nixos-unstable",
        "repo": "nixpkgs",
        "type": "github"
      }
    },
    "nixpkgs_4": {
      "locked": {
        "lastModified": 1757068644,
        "narHash": "sha256-NOrUtIhTkIIumj1E/Rsv1J37Yi3xGStISEo8tZm3KW4=",
        "owner": "NixOS",
        "repo": "nixpkgs",
        "rev": "8eb28adfa3dc4de28e792e3bf49fcf9007ca8ac9",
        "type": "github"
      },
      "original": {
        "owner": "NixOS",
        "ref": "nixos-unstable",
        "repo": "nixpkgs",
        "type": "github"
      }
    },
    "root": {
      "inputs": {
        "moxctl": "moxctl",
        "moxidle": "moxidle",
        "moxnotify": "moxnotify",
        "moxpaper": "moxpaper"
      }
    },
    "rust-overlay": {
      "inputs": {
        "nixpkgs": [
          "moxctl",
          "nixpkgs"
        ]
      },
      "locked": {
        "lastModified": 1757212513,
        "narHash": "sha256-ZTHwY7u8BQF1JUazhGk+ftCjsS57Ht6KSnnkxQoUBA8=",
        "owner": "oxalica",
        "repo": "rust-overlay",
        "rev": "a8c2f9348abb14647d8a4899d1b3acd0155ce2cd",
        "type": "github"
      },
      "original": {
        "owner": "oxalica",
        "repo": "rust-overlay",
        "type": "github"
      }
    },
    "rust-overlay_2": {
      "inputs": {
        "nixpkgs": [
          "moxidle",
          "nixpkgs"
        ]
      },
      "locked": {
        "lastModified": 1756607787,
        "narHash": "sha256-ciwAdgtlAN1PCaidWK6RuWsTBL8DVuyDCGM+X3ein5Q=",
        "owner": "oxalica",
        "repo": "rust-overlay",
        "rev": "f46d294b87ebb9f7124f1ce13aa2a5f5acc0f3eb",
        "type": "github"
      },
      "original": {
        "owner": "oxalica",
        "repo": "rust-overlay",
        "type": "github"
      }
    },
    "rust-overlay_3": {
      "inputs": {
        "nixpkgs": [
          "moxnotify",
          "nixpkgs"
        ]
      },
      "locked": {
        "lastModified": 1757212513,
        "narHash": "sha256-ZTHwY7u8BQF1JUazhGk+ftCjsS57Ht6KSnnkxQoUBA8=",
        "owner": "oxalica",
        "repo": "rust-overlay",
        "rev": "a8c2f9348abb14647d8a4899d1b3acd0155ce2cd",
        "type": "github"
      },
      "original": {
        "owner": "oxalica",
        "repo": "rust-overlay",
        "type": "github"
      }
    },
    "rust-overlay_4": {
      "inputs": {
        "nixpkgs": [
          "moxpaper",
          "nixpkgs"
        ]
      },
      "locked": {
        "lastModified": 1757212513,
        "narHash": "sha256-ZTHwY7u8BQF1JUazhGk+ftCjsS57Ht6KSnnkxQoUBA8=",
        "owner": "oxalica",
        "repo": "rust-overlay",
        "rev": "a8c2f9348abb14647d8a4899d1b3acd0155ce2cd",
        "type": "github"
      },
      "original": {
        "owner": "oxalica",
        "repo": "rust-overlay",
        "type": "github"
      }
    }
  },
  "root": "root",
  "version": 7
}
